
Microsoft Visual Studio Solution File, Format Version 12.00
# Visual Studio Version 17
VisualStudioVersion = 17.2.32630.192
MinimumVisualStudioVersion = 10.0.40219.1
Project("{FAE04EC0-301F-11D3-BF4B-00C04F79EFBC}") = "SQRTNewton", "SQRTNewton\SQRTNewton.csproj", "{CC5ABC76-A203-4AB2-BB8D-A4B93B4025FD}"
EndProject
Global
	GlobalSection(SolutionConfigurationPlatforms) = preSolution
		Debug|Any CPU = Debug|Any CPU
		Release|Any CPU = Release|Any CPU
	EndGlobalSection
	GlobalSection(ProjectConfigurationPlatforms) = postSolution
		{CC5ABC76-A203-4AB2-BB8D-A4B93B4025FD}.Debug|Any CPU.ActiveCfg = Debug|Any CPU
		{CC5ABC76-A203-4AB2-BB8D-A4B93B4025FD}.Debug|Any CPU.Build.0 = Debug|Any CPU
		{CC5ABC76-A203-4AB2-BB8D-A4B93B4025FD}.Release|Any CPU.ActiveCfg = Release|Any CPU
		{CC5ABC76-A203-4AB2-BB8D-A4B93B4025FD}.Release|Any CPU.Build.0 = Release|Any CPU
	EndGlobalSection
	GlobalSection(SolutionProperties) = preSolution
		HideSolutionNode = FALSE
	EndGlobalSection
	GlobalSection(ExtensibilityGlobals) = postSolution
		SolutionGuid = {712E13F7-E32A-4E7F-AF09-16089255B5DA}
	EndGlobalSection
EndGlobal
