
Microsoft Visual Studio Solution File, Format Version 12.00
# Visual Studio Version 17
VisualStudioVersion = 17.2.32630.192
MinimumVisualStudioVersion = 10.0.40219.1
Project("{FAE04EC0-301F-11D3-BF4B-00C04F79EFBC}") = "IntToBin2", "IntToBin2\IntToBin2.csproj", "{9F705C86-A2FA-48FE-B124-A605D064CA5A}"
EndProject
Global
	GlobalSection(SolutionConfigurationPlatforms) = preSolution
		Debug|Any CPU = Debug|Any CPU
		Release|Any CPU = Release|Any CPU
	EndGlobalSection
	GlobalSection(ProjectConfigurationPlatforms) = postSolution
		{9F705C86-A2FA-48FE-B124-A605D064CA5A}.Debug|Any CPU.ActiveCfg = Debug|Any CPU
		{9F705C86-A2FA-48FE-B124-A605D064CA5A}.Debug|Any CPU.Build.0 = Debug|Any CPU
		{9F705C86-A2FA-48FE-B124-A605D064CA5A}.Release|Any CPU.ActiveCfg = Release|Any CPU
		{9F705C86-A2FA-48FE-B124-A605D064CA5A}.Release|Any CPU.Build.0 = Release|Any CPU
	EndGlobalSection
	GlobalSection(SolutionProperties) = preSolution
		HideSolutionNode = FALSE
	EndGlobalSection
	GlobalSection(ExtensibilityGlobals) = postSolution
		SolutionGuid = {2E3A11CB-9FC5-4FB8-B815-705EF60AD36A}
	EndGlobalSection
EndGlobal
